
Microsoft Visual Studio Solution File, Format Version 12.00
# Visual Studio Version 17
VisualStudioVersion = 17.5.33516.290
MinimumVisualStudioVersion = 10.0.40219.1
Project("{FAE04EC0-301F-11D3-BF4B-00C04F79EFBC}") = "WPF_CMS", "WPF_CMS\WPF_CMS.csproj", "{02C8E870-2E3E-4931-81A2-438C866B5841}"
EndProject
Global
	GlobalSection(SolutionConfigurationPlatforms) = preSolution
		Debug|Any CPU = Debug|Any CPU
		Release|Any CPU = Release|Any CPU
	EndGlobalSection
	GlobalSection(ProjectConfigurationPlatforms) = postSolution
		{02C8E870-2E3E-4931-81A2-438C866B5841}.Debug|Any CPU.ActiveCfg = Debug|Any CPU
		{02C8E870-2E3E-4931-81A2-438C866B5841}.Debug|Any CPU.Build.0 = Debug|Any CPU
		{02C8E870-2E3E-4931-81A2-438C866B5841}.Release|Any CPU.ActiveCfg = Release|Any CPU
		{02C8E870-2E3E-4931-81A2-438C866B5841}.Release|Any CPU.Build.0 = Release|Any CPU
	EndGlobalSection
	GlobalSection(SolutionProperties) = preSolution
		HideSolutionNode = FALSE
	EndGlobalSection
	GlobalSection(ExtensibilityGlobals) = postSolution
		SolutionGuid = {7CF755C8-1346-4CB7-834E-89D1363ABFD1}
	EndGlobalSection
EndGlobal
